hash: e3b0c44298fc1c149afbf4c8996fb92427ae41e4649b934ca495991b7852b855
updated: 2015-12-21T16:32:26.28310276+10:00
imports:
- name: github.com/dustin/go-broadcast
  version: 3bdf6d4a7164a50bc19d5f230e2981d87d2584f1
- name: github.com/gedex/inflector
  version: 8c0e57904488c554ab26caec525db5c92b23f051
- name: github.com/gin-gonic/gin
  version: 52fcc5dbf6e94df33ad313858fb94b713e9d1b4a
- name: github.com/julienschmidt/httprouter
  version: f30ab90cccbd5171771d26b6557d3c2f49e047a6
- name: github.com/manucorporat/sse
  version: c142f0f1baea5cef7f98a8a6c222f6134368c1f5
- name: github.com/manucorporat/stats
  version: 8f2d6ace262eba462e9beb552382c98be51d807b
- name: github.com/manyminds/api2go
  version: c2959ffc6881610f9aa1d5b1abcdef398c129724
- name: github.com/mattn/go-colorable
  version: d67e0b7d1797975196499f79bcc322c08b9f218b
- name: github.com/stretchr/objx
  version: 1a9d0bb9f541897e62256577b352fdbc1fb4fd94
- name: github.com/stretchr/testify
  version: 232e8563676cd15c3a36ba5e675ad4312ac4cb11
  subpackages:
  - assert
- name: github.com/unrolled/render
  version: 40a2dfa24398d37b4a14938442a0f4fe4307b929
- name: golang.org/x/net
  version: 621fff363a1d9ad7fdd0bfa9d80a42881267deb4
  subpackages:
  - context
- name: golang.org/x/text
  version: cf4986612c83df6c55578ba198316d1684a9a287
- name: gopkg.in/bluesuncorp/validator.v5
  version: 07cbdd2e6dfd947b002e83c13b775c7580fab2d5
- name: gopkg.in/mgo.v2
  version: e30de8ac9ae3b30df7065f766c71f88bba7d4e49
- name: gopkg.in/tomb.v2
  version: 14b3d72120e8d10ea6e6b7f87f7175734b1faab8
  repo: https://gopkg.in/tomb.v2
devImports: []
